
Microsoft Visual Studio Solution File, Format Version 12.00
# Visual Studio 15
VisualStudioVersion = 15.0.28307.168
MinimumVisualStudioVersion = 10.0.40219.1
Project("{FAE04EC0-301F-11D3-BF4B-00C04F79EFBC}") = "ImageProcessingWebApp", "ImageProcessingWebApp\ImageProcessingWebApp.csproj", "{6EECA01D-4DA6-450A-B60B-8168741BFC61}"
EndProject
Global
	GlobalSection(SolutionConfigurationPlatforms) = preSolution
		Debug|Any CPU = Debug|Any CPU
		Release|Any CPU = Release|Any CPU
	EndGlobalSection
	GlobalSection(ProjectConfigurationPlatforms) = postSolution
		{6EECA01D-4DA6-450A-B60B-8168741BFC61}.Debug|Any CPU.ActiveCfg = Debug|Any CPU
		{6EECA01D-4DA6-450A-B60B-8168741BFC61}.Debug|Any CPU.Build.0 = Debug|Any CPU
		{6EECA01D-4DA6-450A-B60B-8168741BFC61}.Release|Any CPU.ActiveCfg = Release|Any CPU
		{6EECA01D-4DA6-450A-B60B-8168741BFC61}.Release|Any CPU.Build.0 = Release|Any CPU
	EndGlobalSection
	GlobalSection(SolutionProperties) = preSolution
		HideSolutionNode = FALSE
	EndGlobalSection
	GlobalSection(ExtensibilityGlobals) = postSolution
		SolutionGuid = {F2CD60FD-48CE-4041-AA30-997458B1C783}
	EndGlobalSection
EndGlobal
